github.com/no-src/log v0.3.1 h1:HvozFJQwRicaCThaRztVNOACR01jMiK8Upn4eU7lyps=
github.com/no-src/log v0.3.1/go.mod h1:AG2AiKsnJpZQHmJ24waj6Bi0xHaBEPXiFl1yYpHzLJQ=
github.com/no-src/nsgo v0.0.0-20231103145601-4ea0cb144eba h1:f9YgRdiBTrsAWb9M9YQGE3yhyjMU7/hTTO3UUuJGrfQ=
github.com/no-src/nsgo v0.0.0-20231103145601-4ea0cb144eba/go.mod h1:NPhBsJE4Us7xqR6yJh5zUGdx4cELBfAAZDnz5HP9Bqw=
